// !$*UTF8*$!
{
	archiveVersion = 1;
	classes = {
	};
	objectVersion = 50;
	objects = {

/* Begin PBXBuildFile section */
		FF278DBC226D690C005CF036 /* AppDelegate.swift in Sources */ = {isa = PBXBuildFile; fileRef = FF278DBB226D690C005CF036 /* AppDelegate.swift */; };
		FF278DBE226D690C005CF036 /* ViewController.swift in Sources */ = {isa = PBXBuildFile; fileRef = FF278DBD226D690C005CF036 /* ViewController.swift */; };
		FF278DC1226D690C005CF036 /* Main.storyboard in Resources */ = {isa = PBXBuildFile; fileRef = FF278DBF226D690C005CF036 /* Main.storyboard */; };
		FF278DC3226D6912005CF036 /* Assets.xcassets in Resources */ = {isa = PBXBuildFile; fileRef = FF278DC2226D6912005CF036 /* Assets.xcassets */; };
		FF278DC6226D6912005CF036 /* LaunchScreen.storyboard in Resources */ = {isa = PBXBuildFile; fileRef = FF278DC4226D6912005CF036 /* LaunchScreen.storyboard */; };
		FF278DD1226D6912005CF036 /* Class03Tests.swift in Sources */ = {isa = PBXBuildFile; fileRef = FF278DD0226D6912005CF036 /* Class03Tests.swift */; };
		FF278DDC226D6912005CF036 /* Class03UITests.swift in Sources */ = {isa = PBXBuildFile; fileRef = FF278DDB226D6912005CF036 /* Class03UITests.swift */; };
/* End PBXBuildFile section */

/* Begin PBXContainerItemProxy section */
		FF278DCD226D6912005CF036 /* PBXContainerItemProxy */ = {
			isa = PBXContainerItemProxy;
			containerPortal = FF278DB0226D690C005CF036 /* Project object */;
			proxyType = 1;
			remoteGlobalIDString = FF278DB7226D690C005CF036;
			remoteInfo = Class03;
		};
		FF278DD8226D6912005CF036 /* PBXContainerItemProxy */ = {
			isa = PBXContainerItemProxy;
			containerPortal = FF278DB0226D690C005CF036 /* Project object */;
			proxyType = 1;
			remoteGlobalIDString = FF278DB7226D690C005CF036;
			remoteInfo = Class03;
		};
/* End PBXContainerItemProxy section */

/* Begin PBXFileReference section */
		FF278DB8226D690C005CF036 /* Class03.app */ = {isa = PBXFileReference; explicitFileType = wrapper.application; includeInIndex = 0; path = Class03.app; sourceTree = BUILT_PRODUCTS_DIR; };
		FF278DBB226D690C005CF036 /* AppDelegate.swift */ = {isa = PBXFileReference; lastKnownFileType = sourcecode.swift; path = AppDelegate.swift; sourceTree = "<group>"; };
		FF278DBD226D690C005CF036 /* ViewController.swift */ = {isa = PBXFileReference; lastKnownFileType = sourcecode.swift; path = ViewController.swift; sourceTree = "<group>"; };
		FF278DC0226D690C005CF036 /* Base */ = {isa = PBXFileReference; lastKnownFileType = file.storyboard; name = Base; path = Base.lproj/Main.storyboard; sourceTree = "<group>"; };
		FF278DC2226D6912005CF036 /* Assets.xcassets */ = {isa = PBXFileReference; lastKnownFileType = folder.assetcatalog; path = Assets.xcassets; sourceTree = "<group>"; };
		FF278DC5226D6912005CF036 /* Base */ = {isa = PBXFileReference; lastKnownFileType = file.storyboard; name = Base; path = Base.lproj/LaunchScreen.storyboard; sourceTree = "<group>"; };
		FF278DC7226D6912005CF036 /* Info.plist */ = {isa = PBXFileReference; lastKnownFileType = text.plist.xml; path = Info.plist; sourceTree = "<group>"; };
		FF278DCC226D6912005CF036 /* Class03Tests.xctest */ = {isa = PBXFileReference; explicitFileType = wrapper.cfbundle; includeInIndex = 0; path = Class03Tests.xctest; sourceTree = BUILT_PRODUCTS_DIR; };
		FF278DD0226D6912005CF036 /* Class03Tests.swift */ = {isa = PBXFileReference; lastKnownFileType = sourcecode.swift; path = Class03Tests.swift; sourceTree = "<group>"; };
		FF278DD2226D6912005CF036 /* Info.plist */ = {isa = PBXFileReference; lastKnownFileType = text.plist.xml; path = Info.plist; sourceTree = "<group>"; };
		FF278DD7226D6912005CF036 /* Class03UITests.xctest */ = {isa = PBXFileReference; explicitFileType = wrapper.cfbundle; includeInIndex = 0; path = Class03UITests.xctest; sourceTree = BUILT_PRODUCTS_DIR; };
		FF278DDB226D6912005CF036 /* Class03UITests.swift */ = {isa = PBXFileReference; lastKnownFileType = sourcecode.swift; path = Class03UITests.swift; sourceTree = "<group>"; };
		FF278DDD226D6912005CF036 /* Info.plist */ = {isa = PBXFileReference; lastKnownFileType = text.plist.xml; path = Info.plist; sourceTree = "<group>"; };
/* End PBXFileReference section */

/* Begin PBXFrameworksBuildPhase section */
		FF278DB5226D690C005CF036 /* Frameworks */ = {
			isa = PBXFrameworksBuildPhase;
			buildActionMask = 2147483647;
			files = (
			);
			runOnlyForDeploymentPostprocessing = 0;
		};
		FF278DC9226D6912005CF036 /* Frameworks */ = {
			isa = PBXFrameworksBuildPhase;
			buildActionMask = 2147483647;
			files = (
			);
			runOnlyForDeploymentPostprocessing = 0;
		};
		FF278DD4226D6912005CF036 /* Frameworks */ = {
			isa = PBXFrameworksBuildPhase;
			buildActionMask = 2147483647;
			files = (
			);
			runOnlyForDeploymentPostprocessing = 0;
		};
/* End PBXFrameworksBuildPhase section */

/* Begin PBXGroup section */
		FF278DAF226D690C005CF036 = {
			isa = PBXGroup;
			children = (
				FF278DBA226D690C005CF036 /* Class03 */,
				FF278DCF226D6912005CF036 /* Class03Tests */,
				FF278DDA226D6912005CF036 /* Class03UITests */,
				FF278DB9226D690C005CF036 /* Products */,
			);
			sourceTree = "<group>";
		};
		FF278DB9226D690C005CF036 /* Products */ = {
			isa = PBXGroup;
			children = (
				FF278DB8226D690C005CF036 /* Class03.app */,
				FF278DCC226D6912005CF036 /* Class03Tests.xctest */,
				FF278DD7226D6912005CF036 /* Class03UITests.xctest */,
			);
			name = Products;
			sourceTree = "<group>";
		};
		FF278DBA226D690C005CF036 /* Class03 */ = {
			isa = PBXGroup;
			children = (
				FF278DBB226D690C005CF036 /* AppDelegate.swift */,
				FF278DBD226D690C005CF036 /* ViewController.swift */,
				FF278DBF226D690C005CF036 /* Main.storyboard */,
				FF278DC2226D6912005CF036 /* Assets.xcassets */,
				FF278DC4226D6912005CF036 /* LaunchScreen.storyboard */,
				FF278DC7226D6912005CF036 /* Info.plist */,
			);
			path = Class03;
			sourceTree = "<group>";
		};
		FF278DCF226D6912005CF036 /* Class03Tests */ = {
			isa = PBXGroup;
			children = (
				FF278DD0226D6912005CF036 /* Class03Tests.swift */,
				FF278DD2226D6912005CF036 /* Info.plist */,
			);
			path = Class03Tests;
			sourceTree = "<group>";
		};
		FF278DDA226D6912005CF036 /* Class03UITests */ = {
			isa = PBXGroup;
			children = (
				FF278DDB226D6912005CF036 /* Class03UITests.swift */,
				FF278DDD226D6912005CF036 /* Info.plist */,
			);
			path = Class03UITests;
			sourceTree = "<group>";
		};
/* End PBXGroup section */

/* Begin PBXNativeTarget section */
		FF278DB7226D690C005CF036 /* Class03 */ = {
			isa = PBXNativeTarget;
			buildConfigurationList = FF278DE0226D6912005CF036 /* Build configuration list for PBXNativeTarget "Class03" */;
			buildPhases = (
				FF278DB4226D690C005CF036 /* Sources */,
				FF278DB5226D690C005CF036 /* Frameworks */,
				FF278DB6226D690C005CF036 /* Resources */,
			);
			buildRules = (
			);
			dependencies = (
			);
			name = Class03;
			productName = Class03;
			productReference = FF278DB8226D690C005CF036 /* Class03.app */;
			productType = "com.apple.product-type.application";
		};
		FF278DCB226D6912005CF036 /* Class03Tests */ = {
			isa = PBXNativeTarget;
			buildConfigurationList = FF278DE3226D6912005CF036 /* Build configuration list for PBXNativeTarget "Class03Tests" */;
			buildPhases = (
				FF278DC8226D6912005CF036 /* Sources */,
				FF278DC9226D6912005CF036 /* Frameworks */,
				FF278DCA226D6912005CF036 /* Resources */,
			);
			buildRules = (
			);
			dependencies = (
				FF278DCE226D6912005CF036 /* PBXTargetDependency */,
			);
			name = Class03Tests;
			productName = Class03Tests;
			productReference = FF278DCC226D6912005CF036 /* Class03Tests.xctest */;
			productType = "com.apple.product-type.bundle.unit-test";
		};
		FF278DD6226D6912005CF036 /* Class03UITests */ = {
			isa = PBXNativeTarget;
			buildConfigurationList = FF278DE6226D6912005CF036 /* Build configuration list for PBXNativeTarget "Class03UITests" */;
			buildPhases = (
				FF278DD3226D6912005CF036 /* Sources */,
				FF278DD4226D6912005CF036 /* Frameworks */,
				FF278DD5226D6912005CF036 /* Resources */,
			);
			buildRules = (
			);
			dependencies = (
				FF278DD9226D6912005CF036 /* PBXTargetDependency */,
			);
			name = Class03UITests;
			productName = Class03UITests;
			productReference = FF278DD7226D6912005CF036 /* Class03UITests.xctest */;
			productType = "com.apple.product-type.bundle.ui-testing";
		};
/* End PBXNativeTarget section */

/* Begin PBXProject section */
		FF278DB0226D690C005CF036 /* Project object */ = {
			isa = PBXProject;
			attributes = {
				LastSwiftUpdateCheck = 1010;
				LastUpgradeCheck = 1010;
				ORGANIZATIONNAME = "L20102-02";
				TargetAttributes = {
					FF278DB7226D690C005CF036 = {
						CreatedOnToolsVersion = 10.1;
					};
					FF278DCB226D6912005CF036 = {
						CreatedOnToolsVersion = 10.1;
						TestTargetID = FF278DB7226D690C005CF036;
					};
					FF278DD6226D6912005CF036 = {
						CreatedOnToolsVersion = 10.1;
						TestTargetID = FF278DB7226D690C005CF036;
					};
				};
			};
			buildConfigurationList = FF278DB3226D690C005CF036 /* Build configuration list for PBXProject "Class03" */;
			compatibilityVersion = "Xcode 9.3";
			developmentRegion = en;
			hasScannedForEncodings = 0;
			knownRegions = (
				en,
				Base,
			);
			mainGroup = FF278DAF226D690C005CF036;
			productRefGroup = FF278DB9226D690C005CF036 /* Products */;
			projectDirPath = "";
			projectRoot = "";
			targets = (
				FF278DB7226D690C005CF036 /* Class03 */,
				FF278DCB226D6912005CF036 /* Class03Tests */,
				FF278DD6226D6912005CF036 /* Class03UITests */,
			);
		};
/* End PBXProject section */

/* Begin PBXResourcesBuildPhase section */
		FF278DB6226D690C005CF036 /* Resources */ = {
			isa = PBXResourcesBuildPhase;
			buildActionMask = 2147483647;
			files = (
				FF278DC6226D6912005CF036 /* LaunchScreen.storyboard in Resources */,
				FF278DC3226D6912005CF036 /* Assets.xcassets in Resources */,
				FF278DC1226D690C005CF036 /* Main.storyboard in Resources */,
			);
			runOnlyForDeploymentPostprocessing = 0;
		};
		FF278DCA226D6912005CF036 /* Resources */ = {
			isa = PBXResourcesBuildPhase;
			buildActionMask = 2147483647;
			files = (
			);
			runOnlyForDeploymentPostprocessing = 0;
		};
		FF278DD5226D6912005CF036 /* Resources */ = {
			isa = PBXResourcesBuildPhase;
			buildActionMask = 2147483647;
			files = (
			);
			runOnlyForDeploymentPostprocessing = 0;
		};
/* End PBXResourcesBuildPhase section */

/* Begin PBXSourcesBuildPhase section */
		FF278DB4226D690C005CF036 /* Sources */ = {
			isa = PBXSourcesBuildPhase;
			buildActionMask = 2147483647;
			files = (
				FF278DBE226D690C005CF036 /* ViewController.swift in Sources */,
				FF278DBC226D690C005CF036 /* AppDelegate.swift in Sources */,
			);
			runOnlyForDeploymentPostprocessing = 0;
		};
		FF278DC8226D6912005CF036 /* Sources */ = {
			isa = PBXSourcesBuildPhase;
			buildActionMask = 2147483647;
			files = (
				FF278DD1226D6912005CF036 /* Class03Tests.swift in Sources */,
			);
			runOnlyForDeploymentPostprocessing = 0;
		};
		FF278DD3226D6912005CF036 /* Sources */ = {
			isa = PBXSourcesBuildPhase;
			buildActionMask = 2147483647;
			files = (
				FF278DDC226D6912005CF036 /* Class03UITests.swift in Sources */,
			);
			runOnlyForDeploymentPostprocessing = 0;
		};
/* End PBXSourcesBuildPhase section */

/* Begin PBXTargetDependency section */
		FF278DCE226D6912005CF036 /* PBXTargetDependency */ = {
			isa = PBXTargetDependency;
			target = FF278DB7226D690C005CF036 /* Class03 */;
			targetProxy = FF278DCD226D6912005CF036 /* PBXContainerItemProxy */;
		};
		FF278DD9226D6912005CF036 /* PBXTargetDependency */ = {
			isa = PBXTargetDependency;
			target = FF278DB7226D690C005CF036 /* Class03 */;
			targetProxy = FF278DD8226D6912005CF036 /* PBXContainerItemProxy */;
		};
/* End PBXTargetDependency section */

/* Begin PBXVariantGroup section */
		FF278DBF226D690C005CF036 /* Main.storyboard */ = {
			isa = PBXVariantGroup;
			children = (
				FF278DC0226D690C005CF036 /* Base */,
			);
			name = Main.storyboard;
			sourceTree = "<group>";
		};
		FF278DC4226D6912005CF036 /* LaunchScreen.storyboard */ = {
			isa = PBXVariantGroup;
			children = (
				FF278DC5226D6912005CF036 /* Base */,
			);
			name = LaunchScreen.storyboard;
			sourceTree = "<group>";
		};
/* End PBXVariantGroup section */

/* Begin XCBuildConfiguration section */
		FF278DDE226D6912005CF036 /* Debug */ = {
			isa = XCBuildConfiguration;
			buildSettings = {
				ALWAYS_SEARCH_USER_PATHS = NO;
				CLANG_ANALYZER_NONNULL = YES;
				CLANG_ANALYZER_NUMBER_OBJECT_CONVERSION = YES_AGGRESSIVE;
				CLANG_CXX_LANGUAGE_STANDARD = "gnu++14";
				CLANG_CXX_LIBRARY = "libc++";
				CLANG_ENABLE_MODULES = YES;
				CLANG_ENABLE_OBJC_ARC = YES;
				CLANG_ENABLE_OBJC_WEAK = YES;
				CLANG_WARN_BLOCK_CAPTURE_AUTORELEASING = YES;
				CLANG_WARN_BOOL_CONVERSION = YES;
				CLANG_WARN_COMMA = YES;
				CLANG_WARN_CONSTANT_CONVERSION = YES;
				CLANG_WARN_DEPRECATED_OBJC_IMPLEMENTATIONS = YES;
				CLANG_WARN_DIRECT_OBJC_ISA_USAGE = YES_ERROR;
				CLANG_WARN_DOCUMENTATION_COMMENTS = YES;
				CLANG_WARN_EMPTY_BODY = YES;
				CLANG_WARN_ENUM_CONVERSION = YES;
				CLANG_WARN_INFINITE_RECURSION = YES;
				CLANG_WARN_INT_CONVERSION = YES;
				CLANG_WARN_NON_LITERAL_NULL_CONVERSION = YES;
				CLANG_WARN_OBJC_IMPLICIT_RETAIN_SELF = YES;
				CLANG_WARN_OBJC_LITERAL_CONVERSION = YES;
				CLANG_WARN_OBJC_ROOT_CLASS = YES_ERROR;
				CLANG_WARN_RANGE_LOOP_ANALYSIS = YES;
				CLANG_WARN_STRICT_PROTOTYPES = YES;
				CLANG_WARN_SUSPICIOUS_MOVE = YES;
				CLANG_WARN_UNGUARDED_AVAILABILITY = YES_AGGRESSIVE;
				CLANG_WARN_UNREACHABLE_CODE = YES;
				CLANG_WARN__DUPLICATE_METHOD_MATCH = YES;
				CODE_SIGN_IDENTITY = "iPhone Developer";
				COPY_PHASE_STRIP = NO;
				DEBUG_INFORMATION_FORMAT = dwarf;
				ENABLE_STRICT_OBJC_MSGSEND = YES;
				ENABLE_TESTABILITY = YES;
				GCC_C_LANGUAGE_STANDARD = gnu11;
				GCC_DYNAMIC_NO_PIC = NO;
				GCC_NO_COMMON_BLOCKS = YES;
				GCC_OPTIMIZATION_LEVEL = 0;
				GCC_PREPROCESSOR_DEFINITIONS = (
					"DEBUG=1",
					"$(inherited)",
				);
				GCC_WARN_64_TO_32_BIT_CONVERSION = YES;
				GCC_WARN_ABOUT_RETURN_TYPE = YES_ERROR;
				GCC_WARN_UNDECLARED_SELECTOR = YES;
				GCC_WARN_UNINITIALIZED_AUTOS = YES_AGGRESSIVE;
				GCC_WARN_UNUSED_FUNCTION = YES;
				GCC_WARN_UNUSED_VARIABLE = YES;
				IPHONEOS_DEPLOYMENT_TARGET = 12.1;
				MTL_ENABLE_DEBUG_INFO = INCLUDE_SOURCE;
				MTL_FAST_MATH = YES;
				ONLY_ACTIVE_ARCH = YES;
				SDKROOT = iphoneos;
				SWIFT_ACTIVE_COMPILATION_CONDITIONS = DEBUG;
				SWIFT_OPTIMIZATION_LEVEL = "-Onone";
			};
			name = Debug;
		};
		FF278DDF226D6912005CF036 /* Release */ = {
			isa = XCBuildConfiguration;
			buildSettings = {
				ALWAYS_SEARCH_USER_PATHS = NO;
				CLANG_ANALYZER_NONNULL = YES;
				CLANG_ANALYZER_NUMBER_OBJECT_CONVERSION = YES_AGGRESSIVE;
				CLANG_CXX_LANGUAGE_STANDARD = "gnu++14";
				CLANG_CXX_LIBRARY = "libc++";
				CLANG_ENABLE_MODULES = YES;
				CLANG_ENABLE_OBJC_ARC = YES;
				CLANG_ENABLE_OBJC_WEAK = YES;
				CLANG_WARN_BLOCK_CAPTURE_AUTORELEASING = YES;
				CLANG_WARN_BOOL_CONVERSION = YES;
				CLANG_WARN_COMMA = YES;
				CLANG_WARN_CONSTANT_CONVERSION = YES;
				CLANG_WARN_DEPRECATED_OBJC_IMPLEMENTATIONS = YES;
				CLANG_WARN_DIRECT_OBJC_ISA_USAGE = YES_ERROR;
				CLANG_WARN_DOCUMENTATION_COMMENTS = YES;
				CLANG_WARN_EMPTY_BODY = YES;
				CLANG_WARN_ENUM_CONVERSION = YES;
				CLANG_WARN_INFINITE_RECURSION = YES;
				CLANG_WARN_INT_CONVERSION = YES;
				CLANG_WARN_NON_LITERAL_NULL_CONVERSION = YES;
				CLANG_WARN_OBJC_IMPLICIT_RETAIN_SELF = YES;
				CLANG_WARN_OBJC_LITERAL_CONVERSION = YES;
				CLANG_WARN_OBJC_ROOT_CLASS = YES_ERROR;
				CLANG_WARN_RANGE_LOOP_ANALYSIS = YES;
				CLANG_WARN_STRICT_PROTOTYPES = YES;
				CLANG_WARN_SUSPICIOUS_MOVE = YES;
				CLANG_WARN_UNGUARDED_AVAILABILITY = YES_AGGRESSIVE;
				CLANG_WARN_UNREACHABLE_CODE = YES;
				CLANG_WARN__DUPLICATE_METHOD_MATCH = YES;
				CODE_SIGN_IDENTITY = "iPhone Developer";
				COPY_PHASE_STRIP = NO;
				DEBUG_INFORMATION_FORMAT = "dwarf-with-dsym";
				ENABLE_NS_ASSERTIONS = NO;
				ENABLE_STRICT_OBJC_MSGSEND = YES;
				GCC_C_LANGUAGE_STANDARD = gnu11;
				GCC_NO_COMMON_BLOCKS = YES;
				GCC_WARN_64_TO_32_BIT_CONVERSION = YES;
				GCC_WARN_ABOUT_RETURN_TYPE = YES_ERROR;
				GCC_WARN_UNDECLARED_SELECTOR = YES;
				GCC_WARN_UNINITIALIZED_AUTOS = YES_AGGRESSIVE;
				GCC_WARN_UNUSED_FUNCTION = YES;
				GCC_WARN_UNUSED_VARIABLE = YES;
				IPHONEOS_DEPLOYMENT_TARGET = 12.1;
				MTL_ENABLE_DEBUG_INFO = NO;
				MTL_FAST_MATH = YES;
				SDKROOT = iphoneos;
				SWIFT_COMPILATION_MODE = wholemodule;
				SWIFT_OPTIMIZATION_LEVEL = "-O";
				VALIDATE_PRODUCT = YES;
			};
			name = Release;
		};
		FF278DE1226D6912005CF036 /* Debug */ = {
			isa = XCBuildConfiguration;
			buildSettings = {
				ASSETCATALOG_COMPILER_APPICON_NAME = AppIcon;
				CODE_SIGN_STYLE = Automatic;
				INFOPLIST_FILE = Class03/Info.plist;
				LD_RUNPATH_SEARCH_PATHS = (
					"$(inherited)",
					"@executable_path/Frameworks",
				);
				PRODUCT_BUNDLE_IDENTIFIER = edu.cjcu.Class03;
				PRODUCT_NAME = "$(TARGET_NAME)";
				SWIFT_VERSION = 4.2;
				TARGETED_DEVICE_FAMILY = "1,2";
			};
			name = Debug;
		};
		FF278DE2226D6912005CF036 /* Release */ = {
			isa = XCBuildConfiguration;
			buildSettings = {
				ASSETCATALOG_COMPILER_APPICON_NAME = AppIcon;
				CODE_SIGN_STYLE = Automatic;
				INFOPLIST_FILE = Class03/Info.plist;
				LD_RUNPATH_SEARCH_PATHS = (
					"$(inherited)",
					"@executable_path/Frameworks",
				);
				PRODUCT_BUNDLE_IDENTIFIER = edu.cjcu.Class03;
				PRODUCT_NAME = "$(TARGET_NAME)";
				SWIFT_VERSION = 4.2;
				TARGETED_DEVICE_FAMILY = "1,2";
			};
			name = Release;
		};
		FF278DE4226D6912005CF036 /* Debug */ = {
			isa = XCBuildConfiguration;
			buildSettings = {
				ALWAYS_EMBED_SWIFT_STANDARD_LIBRARIES = YES;
				BUNDLE_LOADER = "$(TEST_HOST)";
				CODE_SIGN_STYLE = Automatic;
				INFOPLIST_FILE = Class03Tests/Info.plist;
				LD_RUNPATH_SEARCH_PATHS = (
					"$(inherited)",
					"@executable_path/Frameworks",
					"@loader_path/Frameworks",
				);
				PRODUCT_BUNDLE_IDENTIFIER = edu.cjcu.Class03Tests;
				PRODUCT_NAME = "$(TARGET_NAME)";
				SWIFT_VERSION = 4.2;
				TARGETED_DEVICE_FAMILY = "1,2";
				TEST_HOST = "$(BUILT_PRODUCTS_DIR)/Class03.app/Class03";
			};
			name = Debug;
		};
		FF278DE5226D6912005CF036 /* Release */ = {
			isa = XCBuildConfiguration;
			buildSettings = {
				ALWAYS_EMBED_SWIFT_STANDARD_LIBRARIES = YES;
				BUNDLE_LOADER = "$(TEST_HOST)";
				CODE_SIGN_STYLE = Automatic;
				INFOPLIST_FILE = Class03Tests/Info.plist;
				LD_RUNPATH_SEARCH_PATHS = (
					"$(inherited)",
					"@executable_path/Frameworks",
					"@loader_path/Frameworks",
				);
				PRODUCT_BUNDLE_IDENTIFIER = edu.cjcu.Class03Tests;
				PRODUCT_NAME = "$(TARGET_NAME)";
				SWIFT_VERSION = 4.2;
				TARGETED_DEVICE_FAMILY = "1,2";
				TEST_HOST = "$(BUILT_PRODUCTS_DIR)/Class03.app/Class03";
			};
			name = Release;
		};
		FF278DE7226D6912005CF036 /* Debug */ = {
			isa = XCBuildConfiguration;
			buildSettings = {
				ALWAYS_EMBED_SWIFT_STANDARD_LIBRARIES = YES;
				CODE_SIGN_STYLE = Automatic;
				INFOPLIST_FILE = Class03UITests/Info.plist;
				LD_RUNPATH_SEARCH_PATHS = (
					"$(inherited)",
					"@executable_path/Frameworks",
					"@loader_path/Frameworks",
				);
				PRODUCT_BUNDLE_IDENTIFIER = edu.cjcu.Class03UITests;
				PRODUCT_NAME = "$(TARGET_NAME)";
				SWIFT_VERSION = 4.2;
				TARGETED_DEVICE_FAMILY = "1,2";
				TEST_TARGET_NAME = Class03;
			};
			name = Debug;
		};
		FF278DE8226D6912005CF036 /* Release */ = {
			isa = XCBuildConfiguration;
			buildSettings = {
				ALWAYS_EMBED_SWIFT_STANDARD_LIBRARIES = YES;
				CODE_SIGN_STYLE = Automatic;
				INFOPLIST_FILE = Class03UITests/Info.plist;
				LD_RUNPATH_SEARCH_PATHS = (
					"$(inherited)",
					"@executable_path/Frameworks",
					"@loader_path/Frameworks",
				);
				PRODUCT_BUNDLE_IDENTIFIER = edu.cjcu.Class03UITests;
				PRODUCT_NAME = "$(TARGET_NAME)";
				SWIFT_VERSION = 4.2;
				TARGETED_DEVICE_FAMILY = "1,2";
				TEST_TARGET_NAME = Class03;
			};
			name = Release;
		};
/* End XCBuildConfiguration section */

/* Begin XCConfigurationList section */
		FF278DB3226D690C005CF036 /* Build configuration list for PBXProject "Class03" */ = {
			isa = XCConfigurationList;
			buildConfigurations = (
				FF278DDE226D6912005CF036 /* Debug */,
				FF278DDF226D6912005CF036 /* Release */,
			);
			defaultConfigurationIsVisible = 0;
			defaultConfigurationName = Release;
		};
		FF278DE0226D6912005CF036 /* Build configuration list for PBXNativeTarget "Class03" */ = {
			isa = XCConfigurationList;
			buildConfigurations = (
				FF278DE1226D6912005CF036 /* Debug */,
				FF278DE2226D6912005CF036 /* Release */,
			);
			defaultConfigurationIsVisible = 0;
			defaultConfigurationName = Release;
		};
		FF278DE3226D6912005CF036 /* Build configuration list for PBXNativeTarget "Class03Tests" */ = {
			isa = XCConfigurationList;
			buildConfigurations = (
				FF278DE4226D6912005CF036 /* Debug */,
				FF278DE5226D6912005CF036 /* Release */,
			);
			defaultConfigurationIsVisible = 0;
			defaultConfigurationName = Release;
		};
		FF278DE6226D6912005CF036 /* Build configuration list for PBXNativeTarget "Class03UITests" */ = {
			isa = XCConfigurationList;
			buildConfigurations = (
				FF278DE7226D6912005CF036 /* Debug */,
				FF278DE8226D6912005CF036 /* Release */,
			);
			defaultConfigurationIsVisible = 0;
			defaultConfigurationName = Release;
		};
/* End XCConfigurationList section */
	};
	rootObject = FF278DB0226D690C005CF036 /* Project object */;
}
